
Microsoft Visual Studio Solution File, Format Version 12.00
# Visual Studio Version 17
VisualStudioVersion = 17.0.31903.59
MinimumVisualStudioVersion = 10.0.40219.1
Project("{2150E333-8FDC-42A3-9474-1A3956D46DE8}") = "00.Clase", "00.Clase", "{B404517C-3D20-4210-96F9-425187D36EF5}"
EndProject
Project("{FAE04EC0-301F-11D3-BF4B-00C04F79EFBC}") = "HolaMundo", "00.Clase\HolaMundo\HolaMundo.csproj", "{3444A013-67B2-4EB3-8D97-02364B339B35}"
EndProject
Project("{2150E333-8FDC-42A3-9474-1A3956D46DE8}") = "01.Clase", "01.Clase", "{1196C77C-D7F5-4669-AE0D-1B6BCD69C327}"
EndProject
Project("{FAE04EC0-301F-11D3-BF4B-00C04F79EFBC}") = "PrimerApp", "01.Clase\PrimerApp\PrimerApp.csproj", "{4271A902-E2A9-47EB-A005-DBB660B7C5B3}"
EndProject
Project("{FAE04EC0-301F-11D3-BF4B-00C04F79EFBC}") = "Desafio1NombreApellido", "01.Clase\Desafio1NombreApellido\Desafio1NombreApellido.csproj", "{343A26E3-5265-421E-AF25-23CDBAD820F1}"
EndProject
Project("{2150E333-8FDC-42A3-9474-1A3956D46DE8}") = "02.Clase", "02.Clase", "{B59B006F-9B8A-42D3-8070-2E026457A27A}"
EndProject
Project("{FAE04EC0-301F-11D3-BF4B-00C04F79EFBC}") = "ConsoleApp1", "02.Clase\ConsoleApp1\ConsoleApp1.csproj", "{CE1DC1F5-5BAC-477E-97F9-6CC86C8EFAE6}"
EndProject
Project("{FAE04EC0-301F-11D3-BF4B-00C04F79EFBC}") = "ConsoleApp2", "02.Clase\ConsoleApp2\ConsoleApp2.csproj", "{268BF5B0-B8C6-4C77-B658-D4027E64F9E7}"
EndProject
Project("{FAE04EC0-301F-11D3-BF4B-00C04F79EFBC}") = "ConsoleApp3", "02.Clase\ConsoleApp3\ConsoleApp3.csproj", "{1AF428B6-BAC2-4272-9A21-FDFE425B2181}"
EndProject
Project("{FAE04EC0-301F-11D3-BF4B-00C04F79EFBC}") = "ConsoleApp4", "02.Clase\ConsoleApp4\ConsoleApp4.csproj", "{4AE95CAE-BB49-4BD5-A303-F212BEF502D5}"
EndProject
Project("{2150E333-8FDC-42A3-9474-1A3956D46DE8}") = "03.Clase", "03.Clase", "{987B389F-296D-4235-9271-6172FF2231EA}"
EndProject
Project("{FAE04EC0-301F-11D3-BF4B-00C04F79EFBC}") = "CadenasBucle", "03.Clase\CadenasBucle\CadenasBucle.csproj", "{0FADF3B1-36F1-4B32-B303-2849C0460147}"
EndProject
Project("{FAE04EC0-301F-11D3-BF4B-00C04F79EFBC}") = "ConsoleApp2", "03.Clase\ConsoleApp2\ConsoleApp2.csproj", "{3865A064-A20E-4442-A11F-52DF31E265EE}"
EndProject
Project("{FAE04EC0-301F-11D3-BF4B-00C04F79EFBC}") = "ValidarPass", "03.Clase\ValidarPass\ValidarPass.csproj", "{A1FCBAE2-BB1A-484B-BC6A-A992F313C092}"
EndProject
Project("{2150E333-8FDC-42A3-9474-1A3956D46DE8}") = "04.Clase", "04.Clase", "{B650D6A1-8046-47D1-837C-4EC17A168946}"
EndProject
Project("{FAE04EC0-301F-11D3-BF4B-00C04F79EFBC}") = "ejemplo01", "04.Clase\ejemplo01\ejemplo01.csproj", "{8749FB2E-D954-478C-968F-103C34070798}"
EndProject
Project("{FAE04EC0-301F-11D3-BF4B-00C04F79EFBC}") = "ValidarPass", "04.Clase\ValidarPass\ValidarPass.csproj", "{C0C94691-A67C-44DC-8688-DB09A3AE59F1}"
EndProject
Project("{FAE04EC0-301F-11D3-BF4B-00C04F79EFBC}") = "Desafio", "04.Clase\Desafio\Desafio.csproj", "{0A2F6197-2949-42D9-84DE-2C73F878C607}"
EndProject
Project("{2150E333-8FDC-42A3-9474-1A3956D46DE8}") = "05.Clase", "05.Clase", "{9F8B25A3-C52F-4BA0-B066-9E1F0CEFE59E}"
EndProject
Project("{FAE04EC0-301F-11D3-BF4B-00C04F79EFBC}") = "App01", "05.Clase\App01\App01.csproj", "{6CA2F4C5-C94C-481E-9193-E0E8BBBEB2EB}"
EndProject
Project("{FAE04EC0-301F-11D3-BF4B-00C04F79EFBC}") = "App02", "05.Clase\App02\App02.csproj", "{BA897ECC-6EBD-4FF5-BCFA-0E3F2979D87E}"
EndProject
Project("{2150E333-8FDC-42A3-9474-1A3956D46DE8}") = "06.Clase", "06.Clase", "{CC215A0B-AFD4-4537-8C06-29432019C9C5}"
EndProject
Project("{FAE04EC0-301F-11D3-BF4B-00C04F79EFBC}") = "App1", "06.Clase\App1\App1.csproj", "{A0ADDF1E-AC0D-41F1-BCAD-B195A2F1FDE2}"
EndProject
Project("{2150E333-8FDC-42A3-9474-1A3956D46DE8}") = "07.Clase", "07.Clase", "{BC03CC3B-A061-439C-8BDE-79F6B5A2B659}"
EndProject
Project("{FAE04EC0-301F-11D3-BF4B-00C04F79EFBC}") = "WinFormsApp1", "07.Clase\WinFormsApp1\WinFormsApp1.csproj", "{CD282FA8-96E9-4AE8-A272-D114886E9316}"
EndProject
Project("{FAE04EC0-301F-11D3-BF4B-00C04F79EFBC}") = "WinFormsApp2", "07.Clase\WinFormsApp2\WinFormsApp2.csproj", "{5EF7CB78-52BC-4894-BBEB-AECB762CF234}"
EndProject
Project("{2150E333-8FDC-42A3-9474-1A3956D46DE8}") = "08.Clase", "08.Clase", "{0DCC7B2E-DEAB-4B4B-A4FB-7266B1656842}"
EndProject
Project("{FAE04EC0-301F-11D3-BF4B-00C04F79EFBC}") = "WinFormsApp1", "08.Clase\WinFormsApp1\WinFormsApp1.csproj", "{70ED1361-3696-4ED6-ADBC-4231D7A85F5E}"
EndProject
Project("{FAE04EC0-301F-11D3-BF4B-00C04F79EFBC}") = "WinFormsApp2", "08.Clase\WinFormsApp2\WinFormsApp2.csproj", "{970744C9-5023-44AA-92B4-6CB1D1B9144D}"
EndProject
Project("{2150E333-8FDC-42A3-9474-1A3956D46DE8}") = "09.Clase", "09.Clase", "{AAF02B64-4198-4A98-B6E4-8B3729F8FDED}"
	ProjectSection(SolutionItems) = preProject
		09.Clase\ProjectSistemaGestion\script.sql = 09.Clase\ProjectSistemaGestion\script.sql
	EndProjectSection
EndProject
Project("{FAE04EC0-301F-11D3-BF4B-00C04F79EFBC}") = "ProjectSistemaGestion", "09.Clase\ProjectSistemaGestion\ProjectSistemaGestion.sqlproj", "{32435E9C-C5AA-42C4-AA8D-91524FE72C2A}"
EndProject
Global
	GlobalSection(SolutionConfigurationPlatforms) = preSolution
		Debug|Any CPU = Debug|Any CPU
		Release|Any CPU = Release|Any CPU
	EndGlobalSection
	GlobalSection(ProjectConfigurationPlatforms) = postSolution
		{3444A013-67B2-4EB3-8D97-02364B339B35}.Debug|Any CPU.ActiveCfg = Debug|Any CPU
		{3444A013-67B2-4EB3-8D97-02364B339B35}.Debug|Any CPU.Build.0 = Debug|Any CPU
		{3444A013-67B2-4EB3-8D97-02364B339B35}.Release|Any CPU.ActiveCfg = Release|Any CPU
		{3444A013-67B2-4EB3-8D97-02364B339B35}.Release|Any CPU.Build.0 = Release|Any CPU
		{4271A902-E2A9-47EB-A005-DBB660B7C5B3}.Debug|Any CPU.ActiveCfg = Debug|Any CPU
		{4271A902-E2A9-47EB-A005-DBB660B7C5B3}.Debug|Any CPU.Build.0 = Debug|Any CPU
		{4271A902-E2A9-47EB-A005-DBB660B7C5B3}.Release|Any CPU.ActiveCfg = Release|Any CPU
		{4271A902-E2A9-47EB-A005-DBB660B7C5B3}.Release|Any CPU.Build.0 = Release|Any CPU
		{343A26E3-5265-421E-AF25-23CDBAD820F1}.Debug|Any CPU.ActiveCfg = Debug|Any CPU
		{343A26E3-5265-421E-AF25-23CDBAD820F1}.Debug|Any CPU.Build.0 = Debug|Any CPU
		{343A26E3-5265-421E-AF25-23CDBAD820F1}.Release|Any CPU.ActiveCfg = Release|Any CPU
		{343A26E3-5265-421E-AF25-23CDBAD820F1}.Release|Any CPU.Build.0 = Release|Any CPU
		{CE1DC1F5-5BAC-477E-97F9-6CC86C8EFAE6}.Debug|Any CPU.ActiveCfg = Debug|Any CPU
		{CE1DC1F5-5BAC-477E-97F9-6CC86C8EFAE6}.Debug|Any CPU.Build.0 = Debug|Any CPU
		{CE1DC1F5-5BAC-477E-97F9-6CC86C8EFAE6}.Release|Any CPU.ActiveCfg = Release|Any CPU
		{CE1DC1F5-5BAC-477E-97F9-6CC86C8EFAE6}.Release|Any CPU.Build.0 = Release|Any CPU
		{268BF5B0-B8C6-4C77-B658-D4027E64F9E7}.Debug|Any CPU.ActiveCfg = Debug|Any CPU
		{268BF5B0-B8C6-4C77-B658-D4027E64F9E7}.Debug|Any CPU.Build.0 = Debug|Any CPU
		{268BF5B0-B8C6-4C77-B658-D4027E64F9E7}.Release|Any CPU.ActiveCfg = Release|Any CPU
		{268BF5B0-B8C6-4C77-B658-D4027E64F9E7}.Release|Any CPU.Build.0 = Release|Any CPU
		{1AF428B6-BAC2-4272-9A21-FDFE425B2181}.Debug|Any CPU.ActiveCfg = Debug|Any CPU
		{1AF428B6-BAC2-4272-9A21-FDFE425B2181}.Debug|Any CPU.Build.0 = Debug|Any CPU
		{1AF428B6-BAC2-4272-9A21-FDFE425B2181}.Release|Any CPU.ActiveCfg = Release|Any CPU
		{1AF428B6-BAC2-4272-9A21-FDFE425B2181}.Release|Any CPU.Build.0 = Release|Any CPU
		{4AE95CAE-BB49-4BD5-A303-F212BEF502D5}.Debug|Any CPU.ActiveCfg = Debug|Any CPU
		{4AE95CAE-BB49-4BD5-A303-F212BEF502D5}.Debug|Any CPU.Build.0 = Debug|Any CPU
		{4AE95CAE-BB49-4BD5-A303-F212BEF502D5}.Release|Any CPU.ActiveCfg = Release|Any CPU
		{4AE95CAE-BB49-4BD5-A303-F212BEF502D5}.Release|Any CPU.Build.0 = Release|Any CPU
		{0FADF3B1-36F1-4B32-B303-2849C0460147}.Debug|Any CPU.ActiveCfg = Debug|Any CPU
		{0FADF3B1-36F1-4B32-B303-2849C0460147}.Debug|Any CPU.Build.0 = Debug|Any CPU
		{0FADF3B1-36F1-4B32-B303-2849C0460147}.Release|Any CPU.ActiveCfg = Release|Any CPU
		{0FADF3B1-36F1-4B32-B303-2849C0460147}.Release|Any CPU.Build.0 = Release|Any CPU
		{3865A064-A20E-4442-A11F-52DF31E265EE}.Debug|Any CPU.ActiveCfg = Debug|Any CPU
		{3865A064-A20E-4442-A11F-52DF31E265EE}.Debug|Any CPU.Build.0 = Debug|Any CPU
		{3865A064-A20E-4442-A11F-52DF31E265EE}.Release|Any CPU.ActiveCfg = Release|Any CPU
		{3865A064-A20E-4442-A11F-52DF31E265EE}.Release|Any CPU.Build.0 = Release|Any CPU
		{A1FCBAE2-BB1A-484B-BC6A-A992F313C092}.Debug|Any CPU.ActiveCfg = Debug|Any CPU
		{A1FCBAE2-BB1A-484B-BC6A-A992F313C092}.Debug|Any CPU.Build.0 = Debug|Any CPU
		{A1FCBAE2-BB1A-484B-BC6A-A992F313C092}.Release|Any CPU.ActiveCfg = Release|Any CPU
		{A1FCBAE2-BB1A-484B-BC6A-A992F313C092}.Release|Any CPU.Build.0 = Release|Any CPU
		{8749FB2E-D954-478C-968F-103C34070798}.Debug|Any CPU.ActiveCfg = Debug|Any CPU
		{8749FB2E-D954-478C-968F-103C34070798}.Debug|Any CPU.Build.0 = Debug|Any CPU
		{8749FB2E-D954-478C-968F-103C34070798}.Release|Any CPU.ActiveCfg = Release|Any CPU
		{8749FB2E-D954-478C-968F-103C34070798}.Release|Any CPU.Build.0 = Release|Any CPU
		{C0C94691-A67C-44DC-8688-DB09A3AE59F1}.Debug|Any CPU.ActiveCfg = Debug|Any CPU
		{C0C94691-A67C-44DC-8688-DB09A3AE59F1}.Debug|Any CPU.Build.0 = Debug|Any CPU
		{C0C94691-A67C-44DC-8688-DB09A3AE59F1}.Release|Any CPU.ActiveCfg = Release|Any CPU
		{C0C94691-A67C-44DC-8688-DB09A3AE59F1}.Release|Any CPU.Build.0 = Release|Any CPU
		{0A2F6197-2949-42D9-84DE-2C73F878C607}.Debug|Any CPU.ActiveCfg = Debug|Any CPU
		{0A2F6197-2949-42D9-84DE-2C73F878C607}.Debug|Any CPU.Build.0 = Debug|Any CPU
		{0A2F6197-2949-42D9-84DE-2C73F878C607}.Release|Any CPU.ActiveCfg = Release|Any CPU
		{0A2F6197-2949-42D9-84DE-2C73F878C607}.Release|Any CPU.Build.0 = Release|Any CPU
		{6CA2F4C5-C94C-481E-9193-E0E8BBBEB2EB}.Debug|Any CPU.ActiveCfg = Debug|Any CPU
		{6CA2F4C5-C94C-481E-9193-E0E8BBBEB2EB}.Debug|Any CPU.Build.0 = Debug|Any CPU
		{6CA2F4C5-C94C-481E-9193-E0E8BBBEB2EB}.Release|Any CPU.ActiveCfg = Release|Any CPU
		{6CA2F4C5-C94C-481E-9193-E0E8BBBEB2EB}.Release|Any CPU.Build.0 = Release|Any CPU
		{BA897ECC-6EBD-4FF5-BCFA-0E3F2979D87E}.Debug|Any CPU.ActiveCfg = Debug|Any CPU
		{BA897ECC-6EBD-4FF5-BCFA-0E3F2979D87E}.Debug|Any CPU.Build.0 = Debug|Any CPU
		{BA897ECC-6EBD-4FF5-BCFA-0E3F2979D87E}.Release|Any CPU.ActiveCfg = Release|Any CPU
		{BA897ECC-6EBD-4FF5-BCFA-0E3F2979D87E}.Release|Any CPU.Build.0 = Release|Any CPU
		{A0ADDF1E-AC0D-41F1-BCAD-B195A2F1FDE2}.Debug|Any CPU.ActiveCfg = Debug|Any CPU
		{A0ADDF1E-AC0D-41F1-BCAD-B195A2F1FDE2}.Debug|Any CPU.Build.0 = Debug|Any CPU
		{A0ADDF1E-AC0D-41F1-BCAD-B195A2F1FDE2}.Release|Any CPU.ActiveCfg = Release|Any CPU
		{A0ADDF1E-AC0D-41F1-BCAD-B195A2F1FDE2}.Release|Any CPU.Build.0 = Release|Any CPU
		{CD282FA8-96E9-4AE8-A272-D114886E9316}.Debug|Any CPU.ActiveCfg = Debug|Any CPU
		{CD282FA8-96E9-4AE8-A272-D114886E9316}.Debug|Any CPU.Build.0 = Debug|Any CPU
		{CD282FA8-96E9-4AE8-A272-D114886E9316}.Release|Any CPU.ActiveCfg = Release|Any CPU
		{CD282FA8-96E9-4AE8-A272-D114886E9316}.Release|Any CPU.Build.0 = Release|Any CPU
		{5EF7CB78-52BC-4894-BBEB-AECB762CF234}.Debug|Any CPU.ActiveCfg = Debug|Any CPU
		{5EF7CB78-52BC-4894-BBEB-AECB762CF234}.Debug|Any CPU.Build.0 = Debug|Any CPU
		{5EF7CB78-52BC-4894-BBEB-AECB762CF234}.Release|Any CPU.ActiveCfg = Release|Any CPU
		{5EF7CB78-52BC-4894-BBEB-AECB762CF234}.Release|Any CPU.Build.0 = Release|Any CPU
		{70ED1361-3696-4ED6-ADBC-4231D7A85F5E}.Debug|Any CPU.ActiveCfg = Debug|Any CPU
		{70ED1361-3696-4ED6-ADBC-4231D7A85F5E}.Debug|Any CPU.Build.0 = Debug|Any CPU
		{70ED1361-3696-4ED6-ADBC-4231D7A85F5E}.Release|Any CPU.ActiveCfg = Release|Any CPU
		{70ED1361-3696-4ED6-ADBC-4231D7A85F5E}.Release|Any CPU.Build.0 = Release|Any CPU
		{970744C9-5023-44AA-92B4-6CB1D1B9144D}.Debug|Any CPU.ActiveCfg = Debug|Any CPU
		{970744C9-5023-44AA-92B4-6CB1D1B9144D}.Debug|Any CPU.Build.0 = Debug|Any CPU
		{970744C9-5023-44AA-92B4-6CB1D1B9144D}.Release|Any CPU.ActiveCfg = Release|Any CPU
		{970744C9-5023-44AA-92B4-6CB1D1B9144D}.Release|Any CPU.Build.0 = Release|Any CPU
		{32435E9C-C5AA-42C4-AA8D-91524FE72C2A}.Debug|Any CPU.ActiveCfg = Debug|Any CPU
		{32435E9C-C5AA-42C4-AA8D-91524FE72C2A}.Debug|Any CPU.Build.0 = Debug|Any CPU
		{32435E9C-C5AA-42C4-AA8D-91524FE72C2A}.Release|Any CPU.ActiveCfg = Release|Any CPU
		{32435E9C-C5AA-42C4-AA8D-91524FE72C2A}.Release|Any CPU.Build.0 = Release|Any CPU
	EndGlobalSection
	GlobalSection(SolutionProperties) = preSolution
		HideSolutionNode = FALSE
	EndGlobalSection
	GlobalSection(NestedProjects) = preSolution
		{3444A013-67B2-4EB3-8D97-02364B339B35} = {B404517C-3D20-4210-96F9-425187D36EF5}
		{4271A902-E2A9-47EB-A005-DBB660B7C5B3} = {1196C77C-D7F5-4669-AE0D-1B6BCD69C327}
		{343A26E3-5265-421E-AF25-23CDBAD820F1} = {1196C77C-D7F5-4669-AE0D-1B6BCD69C327}
		{CE1DC1F5-5BAC-477E-97F9-6CC86C8EFAE6} = {B59B006F-9B8A-42D3-8070-2E026457A27A}
		{268BF5B0-B8C6-4C77-B658-D4027E64F9E7} = {B59B006F-9B8A-42D3-8070-2E026457A27A}
		{1AF428B6-BAC2-4272-9A21-FDFE425B2181} = {B59B006F-9B8A-42D3-8070-2E026457A27A}
		{4AE95CAE-BB49-4BD5-A303-F212BEF502D5} = {B59B006F-9B8A-42D3-8070-2E026457A27A}
		{0FADF3B1-36F1-4B32-B303-2849C0460147} = {987B389F-296D-4235-9271-6172FF2231EA}
		{3865A064-A20E-4442-A11F-52DF31E265EE} = {987B389F-296D-4235-9271-6172FF2231EA}
		{A1FCBAE2-BB1A-484B-BC6A-A992F313C092} = {987B389F-296D-4235-9271-6172FF2231EA}
		{8749FB2E-D954-478C-968F-103C34070798} = {B650D6A1-8046-47D1-837C-4EC17A168946}
		{C0C94691-A67C-44DC-8688-DB09A3AE59F1} = {B650D6A1-8046-47D1-837C-4EC17A168946}
		{0A2F6197-2949-42D9-84DE-2C73F878C607} = {B650D6A1-8046-47D1-837C-4EC17A168946}
		{6CA2F4C5-C94C-481E-9193-E0E8BBBEB2EB} = {9F8B25A3-C52F-4BA0-B066-9E1F0CEFE59E}
		{BA897ECC-6EBD-4FF5-BCFA-0E3F2979D87E} = {9F8B25A3-C52F-4BA0-B066-9E1F0CEFE59E}
		{A0ADDF1E-AC0D-41F1-BCAD-B195A2F1FDE2} = {CC215A0B-AFD4-4537-8C06-29432019C9C5}
		{CD282FA8-96E9-4AE8-A272-D114886E9316} = {BC03CC3B-A061-439C-8BDE-79F6B5A2B659}
		{5EF7CB78-52BC-4894-BBEB-AECB762CF234} = {BC03CC3B-A061-439C-8BDE-79F6B5A2B659}
		{70ED1361-3696-4ED6-ADBC-4231D7A85F5E} = {0DCC7B2E-DEAB-4B4B-A4FB-7266B1656842}
		{970744C9-5023-44AA-92B4-6CB1D1B9144D} = {0DCC7B2E-DEAB-4B4B-A4FB-7266B1656842}
		{32435E9C-C5AA-42C4-AA8D-91524FE72C2A} = {AAF02B64-4198-4A98-B6E4-8B3729F8FDED}
	EndGlobalSection
EndGlobal
